
Microsoft Visual Studio Solution File, Format Version 12.00
# Visual Studio Version 17
VisualStudioVersion = 17.6.33723.286
MinimumVisualStudioVersion = 10.0.40219.1
Project("{9A19103F-16F7-4668-BE54-9A1E7A4F7556}") = "ScooterManagement", "ScooterManagement\ScooterManagement.csproj", "{20B73676-846E-49BA-82F9-4B43B42BB66B}"
EndProject
Project("{9A19103F-16F7-4668-BE54-9A1E7A4F7556}") = "ScooterManagement.Domain", "ScooterManagement.Domain\ScooterManagement.Domain.csproj", "{E1DACC52-3546-486D-990A-3B46E01C650F}"
EndProject
Project("{FAE04EC0-301F-11D3-BF4B-00C04F79EFBC}") = "ScooterManagement.DataAccess", "ScooterManagement.DataAccess\ScooterManagement.DataAccess.csproj", "{2DADDB3B-3129-4F92-BCB0-19B65B23D114}"
EndProject
Project("{FAE04EC0-301F-11D3-BF4B-00C04F79EFBC}") = "ScooterManagement.Application", "ScooterManagement.Application\ScooterManagement.Application.csproj", "{B7A90F8D-5F12-4876-96DB-AA97738AA0C3}"
EndProject
Global
	GlobalSection(SolutionConfigurationPlatforms) = preSolution
		Debug|Any CPU = Debug|Any CPU
		Release|Any CPU = Release|Any CPU
	EndGlobalSection
	GlobalSection(ProjectConfigurationPlatforms) = postSolution
		{20B73676-846E-49BA-82F9-4B43B42BB66B}.Debug|Any CPU.ActiveCfg = Debug|Any CPU
		{20B73676-846E-49BA-82F9-4B43B42BB66B}.Debug|Any CPU.Build.0 = Debug|Any CPU
		{20B73676-846E-49BA-82F9-4B43B42BB66B}.Release|Any CPU.ActiveCfg = Release|Any CPU
		{20B73676-846E-49BA-82F9-4B43B42BB66B}.Release|Any CPU.Build.0 = Release|Any CPU
		{E1DACC52-3546-486D-990A-3B46E01C650F}.Debug|Any CPU.ActiveCfg = Debug|Any CPU
		{E1DACC52-3546-486D-990A-3B46E01C650F}.Debug|Any CPU.Build.0 = Debug|Any CPU
		{E1DACC52-3546-486D-990A-3B46E01C650F}.Release|Any CPU.ActiveCfg = Release|Any CPU
		{E1DACC52-3546-486D-990A-3B46E01C650F}.Release|Any CPU.Build.0 = Release|Any CPU
		{2DADDB3B-3129-4F92-BCB0-19B65B23D114}.Debug|Any CPU.ActiveCfg = Debug|Any CPU
		{2DADDB3B-3129-4F92-BCB0-19B65B23D114}.Debug|Any CPU.Build.0 = Debug|Any CPU
		{2DADDB3B-3129-4F92-BCB0-19B65B23D114}.Release|Any CPU.ActiveCfg = Release|Any CPU
		{2DADDB3B-3129-4F92-BCB0-19B65B23D114}.Release|Any CPU.Build.0 = Release|Any CPU
		{B7A90F8D-5F12-4876-96DB-AA97738AA0C3}.Debug|Any CPU.ActiveCfg = Debug|Any CPU
		{B7A90F8D-5F12-4876-96DB-AA97738AA0C3}.Debug|Any CPU.Build.0 = Debug|Any CPU
		{B7A90F8D-5F12-4876-96DB-AA97738AA0C3}.Release|Any CPU.ActiveCfg = Release|Any CPU
		{B7A90F8D-5F12-4876-96DB-AA97738AA0C3}.Release|Any CPU.Build.0 = Release|Any CPU
	EndGlobalSection
	GlobalSection(SolutionProperties) = preSolution
		HideSolutionNode = FALSE
	EndGlobalSection
	GlobalSection(ExtensibilityGlobals) = postSolution
		SolutionGuid = {CBA2BB11-93BA-45D0-B495-41F891206C27}
	EndGlobalSection
EndGlobal
